
Microsoft Visual Studio Solution File, Format Version 12.00
# Visual Studio Version 17
VisualStudioVersion = 17.3.32901.215
MinimumVisualStudioVersion = 10.0.40219.1
Project("{8BC9CEB8-8B4A-11D0-8D11-00A0C91BC942}") = "GraphixClassProject", "GraphixClassProject.vcxproj", "{F57119BE-3BD3-4CE5-89C3-6BE08662B056}"
EndProject
Global
	GlobalSection(SolutionConfigurationPlatforms) = preSolution
		Debug|x64 = Debug|x64
		Debug|x86 = Debug|x86
		Release|x64 = Release|x64
		Release|x86 = Release|x86
	EndGlobalSection
	GlobalSection(ProjectConfigurationPlatforms) = postSolution
		{F57119BE-3BD3-4CE5-89C3-6BE08662B056}.Debug|x64.ActiveCfg = Debug|x64
		{F57119BE-3BD3-4CE5-89C3-6BE08662B056}.Debug|x64.Build.0 = Debug|x64
		{F57119BE-3BD3-4CE5-89C3-6BE08662B056}.Debug|x86.ActiveCfg = Debug|Win32
		{F57119BE-3BD3-4CE5-89C3-6BE08662B056}.Debug|x86.Build.0 = Debug|Win32
		{F57119BE-3BD3-4CE5-89C3-6BE08662B056}.Release|x64.ActiveCfg = Release|x64
		{F57119BE-3BD3-4CE5-89C3-6BE08662B056}.Release|x64.Build.0 = Release|x64
		{F57119BE-3BD3-4CE5-89C3-6BE08662B056}.Release|x86.ActiveCfg = Release|Win32
		{F57119BE-3BD3-4CE5-89C3-6BE08662B056}.Release|x86.Build.0 = Release|Win32
	EndGlobalSection
	GlobalSection(SolutionProperties) = preSolution
		HideSolutionNode = FALSE
	EndGlobalSection
	GlobalSection(ExtensibilityGlobals) = postSolution
		SolutionGuid = {E7AE041F-7E74-42A0-8A6F-AE4B90EAF187}
	EndGlobalSection
EndGlobal
